
Microsoft Visual Studio Solution File, Format Version 12.00
# Visual Studio Version 17
VisualStudioVersion = 17.0.31919.166
MinimumVisualStudioVersion = 10.0.40219.1
Project("{FAE04EC0-301F-11D3-BF4B-00C04F79EFBC}") = "GrpcForConsul", "GrpcForConsul\GrpcForConsul.csproj", "{A74796A0-B239-4D9C-A8D3-7AA83BB6D42B}"
EndProject
Global
	GlobalSection(SolutionConfigurationPlatforms) = preSolution
		Debug|Any CPU = Debug|Any CPU
		Release|Any CPU = Release|Any CPU
	EndGlobalSection
	GlobalSection(ProjectConfigurationPlatforms) = postSolution
		{A74796A0-B239-4D9C-A8D3-7AA83BB6D42B}.Debug|Any CPU.ActiveCfg = Debug|Any CPU
		{A74796A0-B239-4D9C-A8D3-7AA83BB6D42B}.Debug|Any CPU.Build.0 = Debug|Any CPU
		{A74796A0-B239-4D9C-A8D3-7AA83BB6D42B}.Release|Any CPU.ActiveCfg = Release|Any CPU
		{A74796A0-B239-4D9C-A8D3-7AA83BB6D42B}.Release|Any CPU.Build.0 = Release|Any CPU
	EndGlobalSection
	GlobalSection(SolutionProperties) = preSolution
		HideSolutionNode = FALSE
	EndGlobalSection
	GlobalSection(ExtensibilityGlobals) = postSolution
		SolutionGuid = {D73771A4-40F4-4835-B855-C45373B64830}
	EndGlobalSection
EndGlobal
